
Microsoft Visual Studio Solution File, Format Version 12.00
# Visual Studio Version 17
VisualStudioVersion = 17.12.35527.113
MinimumVisualStudioVersion = 10.0.40219.1
Project("{FAE04EC0-301F-11D3-BF4B-00C04F79EFBC}") = "Libs", "Libs\Libs.csproj", "{D25272AE-4C62-4D21-B130-B32D3AC4B5F9}"
EndProject
Project("{FAE04EC0-301F-11D3-BF4B-00C04F79EFBC}") = "ET", "ET\ET.csproj", "{EF106886-75C6-4653-88F6-A8EFB935C170}"
EndProject
Global
	GlobalSection(SolutionConfigurationPlatforms) = preSolution
		Debug|Any CPU = Debug|Any CPU
		Release|Any CPU = Release|Any CPU
	EndGlobalSection
	GlobalSection(ProjectConfigurationPlatforms) = postSolution
		{D25272AE-4C62-4D21-B130-B32D3AC4B5F9}.Debug|Any CPU.ActiveCfg = Debug|Any CPU
		{D25272AE-4C62-4D21-B130-B32D3AC4B5F9}.Debug|Any CPU.Build.0 = Debug|Any CPU
		{D25272AE-4C62-4D21-B130-B32D3AC4B5F9}.Release|Any CPU.ActiveCfg = Release|Any CPU
		{D25272AE-4C62-4D21-B130-B32D3AC4B5F9}.Release|Any CPU.Build.0 = Release|Any CPU
		{EF106886-75C6-4653-88F6-A8EFB935C170}.Debug|Any CPU.ActiveCfg = Debug|Any CPU
		{EF106886-75C6-4653-88F6-A8EFB935C170}.Debug|Any CPU.Build.0 = Debug|Any CPU
		{EF106886-75C6-4653-88F6-A8EFB935C170}.Release|Any CPU.ActiveCfg = Release|Any CPU
		{EF106886-75C6-4653-88F6-A8EFB935C170}.Release|Any CPU.Build.0 = Release|Any CPU
	EndGlobalSection
	GlobalSection(SolutionProperties) = preSolution
		HideSolutionNode = FALSE
	EndGlobalSection
EndGlobal
